
Microsoft Visual Studio Solution File, Format Version 12.00
# Visual Studio 15
Project("{FAE04EC0-301F-11D3-BF4B-00C04F79EFBC}") = "Assembly-CSharp", "Assembly-CSharp.csproj", "{D625E364-A6F8-DB11-2AD3-79E9D01C5470}"
EndProject
Project("{FAE04EC0-301F-11D3-BF4B-00C04F79EFBC}") = "Assembly-CSharp-Editor", "Assembly-CSharp-Editor.csproj", "{D765941F-A987-BD47-CDF0-00E54FE77777}"
EndProject
Global
	GlobalSection(SolutionConfigurationPlatforms) = preSolution
		Debug|Any CPU = Debug|Any CPU
		Release|Any CPU = Release|Any CPU
	EndGlobalSection
	GlobalSection(ProjectConfigurationPlatforms) = postSolution
		{D625E364-A6F8-DB11-2AD3-79E9D01C5470}.Debug|Any CPU.ActiveCfg = Debug|Any CPU
		{D625E364-A6F8-DB11-2AD3-79E9D01C5470}.Debug|Any CPU.Build.0 = Debug|Any CPU
		{D625E364-A6F8-DB11-2AD3-79E9D01C5470}.Release|Any CPU.ActiveCfg = Release|Any CPU
		{D625E364-A6F8-DB11-2AD3-79E9D01C5470}.Release|Any CPU.Build.0 = Release|Any CPU
		{D765941F-A987-BD47-CDF0-00E54FE77777}.Debug|Any CPU.ActiveCfg = Debug|Any CPU
		{D765941F-A987-BD47-CDF0-00E54FE77777}.Debug|Any CPU.Build.0 = Debug|Any CPU
		{D765941F-A987-BD47-CDF0-00E54FE77777}.Release|Any CPU.ActiveCfg = Release|Any CPU
		{D765941F-A987-BD47-CDF0-00E54FE77777}.Release|Any CPU.Build.0 = Release|Any CPU
	EndGlobalSection
	GlobalSection(SolutionProperties) = preSolution
		HideSolutionNode = FALSE
	EndGlobalSection
EndGlobal
